
Microsoft Visual Studio Solution File, Format Version 12.00
# Visual Studio Version 16
VisualStudioVersion = 16.0.29411.108
MinimumVisualStudioVersion = 10.0.40219.1
Project("{888888A0-9F3D-457C-B088-3A5042F75D52}") = "Exercise 1 - Character Input", "Exercise 1 - Character Input.pyproj", "{0B677D9D-0CF8-4CDE-8C83-A3EBEC103384}"
EndProject
Project("{888888A0-9F3D-457C-B088-3A5042F75D52}") = "Exercise 2 (and Solution)", "..\Exercise 2 (and Solution)\Exercise 2 (and Solution).pyproj", "{86763A0E-E8AC-4B5A-A94E-7484018B9716}"
EndProject
Project("{888888A0-9F3D-457C-B088-3A5042F75D52}") = "Exercise 3 - List Less Than Ten", "..\List Less Than Ten\Exercise 3 - List Less Than Ten.pyproj", "{FE046436-5965-4908-B892-CAE46F2AA77E}"
EndProject
Project("{888888A0-9F3D-457C-B088-3A5042F75D52}") = "Exercise 4 - Divisors", "..\Exercise 4 - Divisors\Exercise 4 - Divisors.pyproj", "{FC7EFBE1-3EE5-470E-89B0-FF389AA93443}"
EndProject
Project("{888888A0-9F3D-457C-B088-3A5042F75D52}") = "Exercise 5 - List Overlap", "..\Exercise 5 - List Overlap\Exercise 5 - List Overlap.pyproj", "{CD55B173-B259-4AB2-BF34-552A6504AF98}"
EndProject
Project("{888888A0-9F3D-457C-B088-3A5042F75D52}") = "Exercise 6 - String Lists", "..\Exercise 6 - String Lists\Exercise 6 - String Lists.pyproj", "{1422C32A-79E6-47BB-A223-D1EFA88539AC}"
EndProject
Project("{888888A0-9F3D-457C-B088-3A5042F75D52}") = "Exercise 7 - List Comprehensions", "..\Exercise 7 - List Comprehensions\Exercise 7 - List Comprehensions.pyproj", "{BDCD7658-D611-4814-AB71-6985FDDD25D2}"
EndProject
Project("{888888A0-9F3D-457C-B088-3A5042F75D52}") = "Exercise 8 - Rock Paper Scissors", "..\Exercise 8 - Rock Paper Scissors\Exercise 8 - Rock Paper Scissors.pyproj", "{7A011014-311A-4C79-A45A-23656C85EC91}"
EndProject
Project("{888888A0-9F3D-457C-B088-3A5042F75D52}") = "Exercise 9 - Guessing Game One", "..\Exercise 9 - Guessing Game One\Exercise 9 - Guessing Game One.pyproj", "{CD637418-7FA1-4D5A-817D-7315F041769C}"
EndProject
Project("{888888A0-9F3D-457C-B088-3A5042F75D52}") = "Exercise 11 - Check Primality Functions", "..\Exercise 11 - Check Primality Functions\Exercise 11 - Check Primality Functions.pyproj", "{F49AFA38-9D0F-4EEC-BC93-96DC63ED9885}"
EndProject
Project("{888888A0-9F3D-457C-B088-3A5042F75D52}") = "Exercise 12 - List Ends", "..\Exercise 12 - List Ends\Exercise 12 - List Ends.pyproj", "{3EA32A8E-16E4-42A4-8E09-64DA1F0F03A9}"
EndProject
Global
	GlobalSection(SolutionConfigurationPlatforms) = preSolution
		Debug|Any CPU = Debug|Any CPU
		Release|Any CPU = Release|Any CPU
	EndGlobalSection
	GlobalSection(ProjectConfigurationPlatforms) = postSolution
		{0B677D9D-0CF8-4CDE-8C83-A3EBEC103384}.Debug|Any CPU.ActiveCfg = Debug|Any CPU
		{0B677D9D-0CF8-4CDE-8C83-A3EBEC103384}.Release|Any CPU.ActiveCfg = Release|Any CPU
		{86763A0E-E8AC-4B5A-A94E-7484018B9716}.Debug|Any CPU.ActiveCfg = Debug|Any CPU
		{86763A0E-E8AC-4B5A-A94E-7484018B9716}.Release|Any CPU.ActiveCfg = Release|Any CPU
		{FE046436-5965-4908-B892-CAE46F2AA77E}.Debug|Any CPU.ActiveCfg = Debug|Any CPU
		{FE046436-5965-4908-B892-CAE46F2AA77E}.Release|Any CPU.ActiveCfg = Release|Any CPU
		{FC7EFBE1-3EE5-470E-89B0-FF389AA93443}.Debug|Any CPU.ActiveCfg = Debug|Any CPU
		{FC7EFBE1-3EE5-470E-89B0-FF389AA93443}.Release|Any CPU.ActiveCfg = Release|Any CPU
		{CD55B173-B259-4AB2-BF34-552A6504AF98}.Debug|Any CPU.ActiveCfg = Debug|Any CPU
		{CD55B173-B259-4AB2-BF34-552A6504AF98}.Release|Any CPU.ActiveCfg = Release|Any CPU
		{1422C32A-79E6-47BB-A223-D1EFA88539AC}.Debug|Any CPU.ActiveCfg = Debug|Any CPU
		{1422C32A-79E6-47BB-A223-D1EFA88539AC}.Release|Any CPU.ActiveCfg = Release|Any CPU
		{BDCD7658-D611-4814-AB71-6985FDDD25D2}.Debug|Any CPU.ActiveCfg = Debug|Any CPU
		{BDCD7658-D611-4814-AB71-6985FDDD25D2}.Release|Any CPU.ActiveCfg = Release|Any CPU
		{7A011014-311A-4C79-A45A-23656C85EC91}.Debug|Any CPU.ActiveCfg = Debug|Any CPU
		{7A011014-311A-4C79-A45A-23656C85EC91}.Release|Any CPU.ActiveCfg = Release|Any CPU
		{CD637418-7FA1-4D5A-817D-7315F041769C}.Debug|Any CPU.ActiveCfg = Debug|Any CPU
		{CD637418-7FA1-4D5A-817D-7315F041769C}.Release|Any CPU.ActiveCfg = Release|Any CPU
		{F49AFA38-9D0F-4EEC-BC93-96DC63ED9885}.Debug|Any CPU.ActiveCfg = Debug|Any CPU
		{F49AFA38-9D0F-4EEC-BC93-96DC63ED9885}.Release|Any CPU.ActiveCfg = Release|Any CPU
		{3EA32A8E-16E4-42A4-8E09-64DA1F0F03A9}.Debug|Any CPU.ActiveCfg = Debug|Any CPU
		{3EA32A8E-16E4-42A4-8E09-64DA1F0F03A9}.Release|Any CPU.ActiveCfg = Release|Any CPU
	EndGlobalSection
	GlobalSection(SolutionProperties) = preSolution
		HideSolutionNode = FALSE
	EndGlobalSection
	GlobalSection(ExtensibilityGlobals) = postSolution
		SolutionGuid = {F708CAC7-728E-4045-9F73-8A8E37E5098C}
	EndGlobalSection
EndGlobal
